# THIS IS AN AUTOGENERATED FILE. DO NOT EDIT THIS FILE DIRECTLY.
# yarn lockfile v1


"@types/cross-spawn@^6.0.0":
  version "6.0.0"
  resolved "https://registry.yarnpkg.com/@types/cross-spawn/-/cross-spawn-6.0.0.tgz#320aaf1d1a12979f1b84fe7a5590a7e860bf3a80"
  integrity sha512-evp2ZGsFw9YKprDbg8ySgC9NA15g3YgiI8ANkGmKKvvi0P2aDGYLPxQIC5qfeKNUOe3TjABVGuah6omPRpIYhg==
  dependencies:
    "@types/node" "*"

"@types/node@*", "@types/node@^12.6.4":
  version "12.6.4"
  resolved "https://registry.yarnpkg.com/@types/node/-/node-12.6.4.tgz#e0b5ac3ccbf183cd3c230967c323632d6cf927ae"
  integrity sha512-ZKrDzI6KhrqtLpccI1YxMh4d+qzNnftNtp6iL9c4mLTNgzguFu7VR7pXH/C/MfzikMeoXjvISL9mlIGNGGDXDg==

cross-spawn@^6.0.5:
  version "6.0.5"
  resolved "https://registry.yarnpkg.com/cross-spawn/-/cross-spawn-6.0.5.tgz#4a5ec7c64dfae22c3a14124dbacdee846d80cbc4"
  integrity sha512-eTVLrBSt7fjbDygz805pMnstIs2VTBNkRm0qxZd+M7A5XDdxVRWO5MxGBXZhjY4cqLYLdtrGqRf8mBPmzwSpWQ==
  dependencies:
    nice-try "^1.0.4"
    path-key "^2.0.1"
    semver "^5.5.0"
    shebang-command "^1.2.0"
    which "^1.2.9"

delay@^4.3.0:
  version "4.3.0"
  resolved "https://registry.yarnpkg.com/delay/-/delay-4.3.0.tgz#efeebfb8f545579cb396b3a722443ec96d14c50e"
  integrity sha512-Lwaf3zVFDMBop1yDuFZ19F9WyGcZcGacsbdlZtWjQmM50tOcMntm1njF/Nb/Vjij3KaSvCF+sEYGKrrjObu2NA==

isexe@^2.0.0:
  version "2.0.0"
  resolved "https://registry.yarnpkg.com/isexe/-/isexe-2.0.0.tgz#e8fbf374dc556ff8947a10dcb0572d633f2cfa10"
  integrity sha1-6PvzdNxVb/iUehDcsFctYz8s+hA=

nice-try@^1.0.4:
  version "1.0.4"
  resolved "https://registry.yarnpkg.com/nice-try/-/nice-try-1.0.4.tgz#d93962f6c52f2c1558c0fbda6d512819f1efe1c4"
  integrity sha512-2NpiFHqC87y/zFke0fC0spBXL3bBsoh/p5H1EFhshxjCR5+0g2d6BiXbUFz9v1sAcxsk2htp2eQnNIci2dIYcA==

path-key@^2.0.1:
  version "2.0.1"
  resolved "https://registry.yarnpkg.com/path-key/-/path-key-2.0.1.tgz#411cadb574c5a140d3a4b1910d40d80cc9f40b40"
  integrity sha1-QRyttXTFoUDTpLGRDUDYDMn0C0A=

resolve-as-bin@^2.1.0:
  version "2.1.0"
  resolved "https://registry.yarnpkg.com/resolve-as-bin/-/resolve-as-bin-2.1.0.tgz#25638f52e13203eae97125ab26f54082ab98c6e1"
  integrity sha512-ileUuPIOP+xj+GS/d/EbB2XqRA8T2IeZTFkMggNIW2Mo72VyBMbq+HvIAxdW0ED9D44aEzJwHvUtbMm2PJT5Kw==
  dependencies:
    cross-spawn "^6.0.5"

semver@^5.5.0:
  version "5.7.2"
  resolved "https://registry.yarnpkg.com/semver/-/semver-5.7.2.tgz#48d55db737c3287cd4835e17fa13feace1c41ef8"
  integrity sha512-cBznnQ9KjJqU67B52RMC65CMarK2600WFnbkcaiwWq3xy/5haFJlshgnpjovMVJ+Hff49d8GEn0b87C5pDQ10g==

shebang-command@^1.2.0:
  version "1.2.0"
  resolved "https://registry.yarnpkg.com/shebang-command/-/shebang-command-1.2.0.tgz#44aac65b695b03398968c39f363fee5deafdf1ea"
  integrity sha1-RKrGW2lbAzmJaMOfNj/uXer98eo=
  dependencies:
    shebang-regex "^1.0.0"

shebang-regex@^1.0.0:
  version "1.0.0"
  resolved "https://registry.yarnpkg.com/shebang-regex/-/shebang-regex-1.0.0.tgz#da42f49740c0b42db2ca9728571cb190c98efea3"
  integrity sha1-2kL0l0DAtC2yypcoVxyxkMmO/qM=

typescript@^3.5.3:
  version "3.5.3"
  resolved "https://registry.yarnpkg.com/typescript/-/typescript-3.5.3.tgz#c830f657f93f1ea846819e929092f5fe5983e977"
  integrity sha512-ACzBtm/PhXBDId6a6sDJfroT2pOWt/oOnk4/dElG5G33ZL776N3Y6/6bKZJBFpd+b05F3Ct9qDjMeJmRWtE2/g==

which@^1.2.9:
  version "1.3.1"
  resolved "https://registry.yarnpkg.com/which/-/which-1.3.1.tgz#a45043d54f5805316da8d62f9f50918d3da70b0a"
  integrity sha512-HxJdYWq1MTIQbJ3nw0cqssHoTNU267KlrDuGZ1WYlxDStUtKUhOaJmh112/TZmHxxUfuJqPXSOm7tDyas0OSIQ==
  dependencies:
    isexe "^2.0.0"
